
Microsoft Visual Studio Solution File, Format Version 12.00
# Visual Studio 15
Project("{FAE04EC0-301F-11D3-BF4B-00C04F79EFBC}") = "Assembly-CSharp-firstpass", "Assembly-CSharp-firstpass.csproj", "{E338080F-A53E-78CD-FC35-34E03EF300CE}"
EndProject
Project("{FAE04EC0-301F-11D3-BF4B-00C04F79EFBC}") = "Assembly-CSharp", "Assembly-CSharp.csproj", "{8B409EA6-6C50-EB04-383D-0B252DCC03BF}"
EndProject
Project("{FAE04EC0-301F-11D3-BF4B-00C04F79EFBC}") = "Assembly-CSharp-Editor", "Assembly-CSharp-Editor.csproj", "{71DE6807-FE7B-2054-EFF9-C5FC8EAE7507}"
EndProject
Project("{FAE04EC0-301F-11D3-BF4B-00C04F79EFBC}") = "Assembly-CSharp-Editor-firstpass", "Assembly-CSharp-Editor-firstpass.csproj", "{BD2BB636-7F48-4F05-5832-953FC8FC1C5D}"
EndProject
Global
	GlobalSection(SolutionConfigurationPlatforms) = preSolution
		Debug|Any CPU = Debug|Any CPU
		Release|Any CPU = Release|Any CPU
	EndGlobalSection
	GlobalSection(ProjectConfigurationPlatforms) = postSolution
		{E338080F-A53E-78CD-FC35-34E03EF300CE}.Debug|Any CPU.ActiveCfg = Debug|Any CPU
		{E338080F-A53E-78CD-FC35-34E03EF300CE}.Debug|Any CPU.Build.0 = Debug|Any CPU
		{E338080F-A53E-78CD-FC35-34E03EF300CE}.Release|Any CPU.ActiveCfg = Release|Any CPU
		{E338080F-A53E-78CD-FC35-34E03EF300CE}.Release|Any CPU.Build.0 = Release|Any CPU
		{8B409EA6-6C50-EB04-383D-0B252DCC03BF}.Debug|Any CPU.ActiveCfg = Debug|Any CPU
		{8B409EA6-6C50-EB04-383D-0B252DCC03BF}.Debug|Any CPU.Build.0 = Debug|Any CPU
		{8B409EA6-6C50-EB04-383D-0B252DCC03BF}.Release|Any CPU.ActiveCfg = Release|Any CPU
		{8B409EA6-6C50-EB04-383D-0B252DCC03BF}.Release|Any CPU.Build.0 = Release|Any CPU
		{71DE6807-FE7B-2054-EFF9-C5FC8EAE7507}.Debug|Any CPU.ActiveCfg = Debug|Any CPU
		{71DE6807-FE7B-2054-EFF9-C5FC8EAE7507}.Debug|Any CPU.Build.0 = Debug|Any CPU
		{71DE6807-FE7B-2054-EFF9-C5FC8EAE7507}.Release|Any CPU.ActiveCfg = Release|Any CPU
		{71DE6807-FE7B-2054-EFF9-C5FC8EAE7507}.Release|Any CPU.Build.0 = Release|Any CPU
		{BD2BB636-7F48-4F05-5832-953FC8FC1C5D}.Debug|Any CPU.ActiveCfg = Debug|Any CPU
		{BD2BB636-7F48-4F05-5832-953FC8FC1C5D}.Debug|Any CPU.Build.0 = Debug|Any CPU
		{BD2BB636-7F48-4F05-5832-953FC8FC1C5D}.Release|Any CPU.ActiveCfg = Release|Any CPU
		{BD2BB636-7F48-4F05-5832-953FC8FC1C5D}.Release|Any CPU.Build.0 = Release|Any CPU
	EndGlobalSection
	GlobalSection(SolutionProperties) = preSolution
		HideSolutionNode = FALSE
	EndGlobalSection
EndGlobal
